
Microsoft Visual Studio Solution File, Format Version 12.00
# Visual Studio Version 17
VisualStudioVersion = 17.7.34024.191
MinimumVisualStudioVersion = 10.0.40219.1
Project("{FAE04EC0-301F-11D3-BF4B-00C04F79EFBC}") = "WPF - dinamikusan", "WPF - dinamikusan\WPF - dinamikusan.csproj", "{AC3CC97F-A136-4216-A7C0-F21E35E05431}"
EndProject
Global
	GlobalSection(SolutionConfigurationPlatforms) = preSolution
		Debug|Any CPU = Debug|Any CPU
		Release|Any CPU = Release|Any CPU
	EndGlobalSection
	GlobalSection(ProjectConfigurationPlatforms) = postSolution
		{AC3CC97F-A136-4216-A7C0-F21E35E05431}.Debug|Any CPU.ActiveCfg = Debug|Any CPU
		{AC3CC97F-A136-4216-A7C0-F21E35E05431}.Debug|Any CPU.Build.0 = Debug|Any CPU
		{AC3CC97F-A136-4216-A7C0-F21E35E05431}.Release|Any CPU.ActiveCfg = Release|Any CPU
		{AC3CC97F-A136-4216-A7C0-F21E35E05431}.Release|Any CPU.Build.0 = Release|Any CPU
	EndGlobalSection
	GlobalSection(SolutionProperties) = preSolution
		HideSolutionNode = FALSE
	EndGlobalSection
	GlobalSection(ExtensibilityGlobals) = postSolution
		SolutionGuid = {C69C9788-9BC0-4020-8204-B0513E3266E0}
	EndGlobalSection
EndGlobal
